
Microsoft Visual Studio Solution File, Format Version 12.00
# Visual Studio Version 17
VisualStudioVersion = 17.8.34322.80
MinimumVisualStudioVersion = 10.0.40219.1
Project("{FAE04EC0-301F-11D3-BF4B-00C04F79EFBC}") = "AOC2024", "AOC2024.csproj", "{EE1AA57E-52AE-4CDC-9718-F1CD5D037452}"
EndProject
Global
	GlobalSection(SolutionConfigurationPlatforms) = preSolution
		Debug|Any CPU = Debug|Any CPU
		Release|Any CPU = Release|Any CPU
	EndGlobalSection
	GlobalSection(ProjectConfigurationPlatforms) = postSolution
		{EE1AA57E-52AE-4CDC-9718-F1CD5D037452}.Debug|Any CPU.ActiveCfg = Debug|Any CPU
		{EE1AA57E-52AE-4CDC-9718-F1CD5D037452}.Debug|Any CPU.Build.0 = Debug|Any CPU
		{EE1AA57E-52AE-4CDC-9718-F1CD5D037452}.Release|Any CPU.ActiveCfg = Release|Any CPU
		{EE1AA57E-52AE-4CDC-9718-F1CD5D037452}.Release|Any CPU.Build.0 = Release|Any CPU
	EndGlobalSection
	GlobalSection(SolutionProperties) = preSolution
		HideSolutionNode = FALSE
	EndGlobalSection
	GlobalSection(ExtensibilityGlobals) = postSolution
		SolutionGuid = {B570E412-A02A-42A5-8C10-9EDEF18ED2FC}
	EndGlobalSection
EndGlobal
